// !$*UTF8*$!
{
	archiveVersion = 1;
	classes = {
	};
	objectVersion = 46;
	objects = {

/* Begin PBXBuildFile section */
		F10003551A49456E00AB3FEA /* QuartzCore.framework in Frameworks */ = {isa = PBXBuildFile; fileRef = F10003541A49456E00AB3FEA /* QuartzCore.framework */; };
		F12265571A481A28007B66C8 /* Foundation.framework in Frameworks */ = {isa = PBXBuildFile; fileRef = F12265561A481A28007B66C8 /* Foundation.framework */; };
		F12265591A481A28007B66C8 /* CoreGraphics.framework in Frameworks */ = {isa = PBXBuildFile; fileRef = F12265581A481A28007B66C8 /* CoreGraphics.framework */; };
		F122655B1A481A28007B66C8 /* UIKit.framework in Frameworks */ = {isa = PBXBuildFile; fileRef = F122655A1A481A28007B66C8 /* UIKit.framework */; };
		F12265611A481A28007B66C8 /* InfoPlist.strings in Resources */ = {isa = PBXBuildFile; fileRef = F122655F1A481A28007B66C8 /* InfoPlist.strings */; };
		F12265631A481A28007B66C8 /* main.m in Sources */ = {isa = PBXBuildFile; fileRef = F12265621A481A28007B66C8 /* main.m */; };
		F12265671A481A28007B66C8 /* AppDelegate.m in Sources */ = {isa = PBXBuildFile; fileRef = F12265661A481A28007B66C8 /* AppDelegate.m */; };
		F122656D1A481A28007B66C8 /* ViewController.m in Sources */ = {isa = PBXBuildFile; fileRef = F122656C1A481A28007B66C8 /* ViewController.m */; };
		F122656F1A481A28007B66C8 /* Images.xcassets in Resources */ = {isa = PBXBuildFile; fileRef = F122656E1A481A28007B66C8 /* Images.xcassets */; };
		F12265761A481A28007B66C8 /* XCTest.framework in Frameworks */ = {isa = PBXBuildFile; fileRef = F12265751A481A28007B66C8 /* XCTest.framework */; };
		F12265771A481A28007B66C8 /* Foundation.framework in Frameworks */ = {isa = PBXBuildFile; fileRef = F12265561A481A28007B66C8 /* Foundation.framework */; };
		F12265781A481A28007B66C8 /* UIKit.framework in Frameworks */ = {isa = PBXBuildFile; fileRef = F122655A1A481A28007B66C8 /* UIKit.framework */; };
		F12265801A481A28007B66C8 /* InfoPlist.strings in Resources */ = {isa = PBXBuildFile; fileRef = F122657E1A481A28007B66C8 /* InfoPlist.strings */; };
		F12265821A481A28007B66C8 /* Shape_CropTests.m in Sources */ = {isa = PBXBuildFile; fileRef = F12265811A481A28007B66C8 /* Shape_CropTests.m */; };
		F122658C1A481A4A007B66C8 /* ViewController.xib in Resources */ = {isa = PBXBuildFile; fileRef = F122658B1A481A4A007B66C8 /* ViewController.xib */; };
		F122658E1A481AFB007B66C8 /* newi.png in Resources */ = {isa = PBXBuildFile; fileRef = F122658D1A481AFB007B66C8 /* newi.png */; };
		F12265921A481D7D007B66C8 /* ShapeCropViewController.m in Sources */ = {isa = PBXBuildFile; fileRef = F12265901A481D7D007B66C8 /* ShapeCropViewController.m */; };
		F12265931A481D7D007B66C8 /* ShapeCropViewController.xib in Resources */ = {isa = PBXBuildFile; fileRef = F12265911A481D7D007B66C8 /* ShapeCropViewController.xib */; };
		F12265961A481E5E007B66C8 /* ShapeView.m in Sources */ = {isa = PBXBuildFile; fileRef = F12265951A481E5E007B66C8 /* ShapeView.m */; };
		F12265981A481E6C007B66C8 /* ShapeView.xib in Resources */ = {isa = PBXBuildFile; fileRef = F12265971A481E6C007B66C8 /* ShapeView.xib */; };
		F12265B41A482866007B66C8 /* UIImage+RoundedImage.m in Sources */ = {isa = PBXBuildFile; fileRef = F12265B31A482866007B66C8 /* UIImage+RoundedImage.m */; };
		F12265B61A482950007B66C8 /* screeen_640_960.png in Resources */ = {isa = PBXBuildFile; fileRef = F12265B51A482950007B66C8 /* screeen_640_960.png */; };
		F12265F31A485111007B66C8 /* UIImage+Mask.m in Sources */ = {isa = PBXBuildFile; fileRef = F12265F21A485111007B66C8 /* UIImage+Mask.m */; };
		F1907FB71A4D6EE200362030 /* UIImage+StackBlur.m in Sources */ = {isa = PBXBuildFile; fileRef = F1907FB61A4D6EE200362030 /* UIImage+StackBlur.m */; };
		F1907FC81A4D768000362030 /* ph1.png in Resources */ = {isa = PBXBuildFile; fileRef = F1907FC21A4D768000362030 /* ph1.png */; };
		F1907FC91A4D768000362030 /* ph1_m.png in Resources */ = {isa = PBXBuildFile; fileRef = F1907FC31A4D768000362030 /* ph1_m.png */; };
		F1907FCA1A4D768000362030 /* ph2.png in Resources */ = {isa = PBXBuildFile; fileRef = F1907FC41A4D768000362030 /* ph2.png */; };
		F1907FCB1A4D768000362030 /* ph2_m.png in Resources */ = {isa = PBXBuildFile; fileRef = F1907FC51A4D768000362030 /* ph2_m.png */; };
		F1907FCC1A4D768000362030 /* ph3.png in Resources */ = {isa = PBXBuildFile; fileRef = F1907FC61A4D768000362030 /* ph3.png */; };
		F1907FCD1A4D768000362030 /* ph3_m.png in Resources */ = {isa = PBXBuildFile; fileRef = F1907FC71A4D768000362030 /* ph3_m.png */; };
		F1E592401A4E746D00FC796E /* lens_flares.json in Resources */ = {isa = PBXBuildFile; fileRef = F1E5923F1A4E746C00FC796E /* lens_flares.json */; };
/* End PBXBuildFile section */

/* Begin PBXContainerItemProxy section */
		F12265791A481A28007B66C8 /* PBXContainerItemProxy */ = {
			isa = PBXContainerItemProxy;
			containerPortal = F122654B1A481A28007B66C8 /* Project object */;
			proxyType = 1;
			remoteGlobalIDString = F12265521A481A28007B66C8;
			remoteInfo = "Shape Crop";
		};
/* End PBXContainerItemProxy section */

/* Begin PBXFileReference section */
		F10003541A49456E00AB3FEA /* QuartzCore.framework */ = {isa = PBXFileReference; lastKnownFileType = wrapper.framework; name = QuartzCore.framework; path = System/Library/Frameworks/QuartzCore.framework; sourceTree = SDKROOT; };
		F12265531A481A28007B66C8 /* PIP Effect.app */ = {isa = PBXFileReference; explicitFileType = wrapper.application; includeInIndex = 0; path = "PIP Effect.app"; sourceTree = BUILT_PRODUCTS_DIR; };
		F12265561A481A28007B66C8 /* Foundation.framework */ = {isa = PBXFileReference; lastKnownFileType = wrapper.framework; name = Foundation.framework; path = System/Library/Frameworks/Foundation.framework; sourceTree = SDKROOT; };
		F12265581A481A28007B66C8 /* CoreGraphics.framework */ = {isa = PBXFileReference; lastKnownFileType = wrapper.framework; name = CoreGraphics.framework; path = System/Library/Frameworks/CoreGraphics.framework; sourceTree = SDKROOT; };
		F122655A1A481A28007B66C8 /* UIKit.framework */ = {isa = PBXFileReference; lastKnownFileType = wrapper.framework; name = UIKit.framework; path = System/Library/Frameworks/UIKit.framework; sourceTree = SDKROOT; };
		F122655E1A481A28007B66C8 /* PIP Effect-Info.plist */ = {isa = PBXFileReference; lastKnownFileType = text.plist.xml; path = "PIP Effect-Info.plist"; sourceTree = "<group>"; };
		F12265601A481A28007B66C8 /* en */ = {isa = PBXFileReference; lastKnownFileType = text.plist.strings; name = en; path = en.lproj/InfoPlist.strings; sourceTree = "<group>"; };
		F12265621A481A28007B66C8 /* main.m */ = {isa = PBXFileReference; lastKnownFileType = sourcecode.c.objc; path = main.m; sourceTree = "<group>"; };
		F12265641A481A28007B66C8 /* PIP Effect-Prefix.pch */ = {isa = PBXFileReference; lastKnownFileType = sourcecode.c.h; path = "PIP Effect-Prefix.pch"; sourceTree = "<group>"; };
		F12265651A481A28007B66C8 /* AppDelegate.h */ = {isa = PBXFileReference; lastKnownFileType = sourcecode.c.h; path = AppDelegate.h; sourceTree = "<group>"; };
		F12265661A481A28007B66C8 /* AppDelegate.m */ = {isa = PBXFileReference; lastKnownFileType = sourcecode.c.objc; path = AppDelegate.m; sourceTree = "<group>"; };
		F122656B1A481A28007B66C8 /* ViewController.h */ = {isa = PBXFileReference; lastKnownFileType = sourcecode.c.h; path = ViewController.h; sourceTree = "<group>"; };
		F122656C1A481A28007B66C8 /* ViewController.m */ = {isa = PBXFileReference; lastKnownFileType = sourcecode.c.objc; path = ViewController.m; sourceTree = "<group>"; };
		F122656E1A481A28007B66C8 /* Images.xcassets */ = {isa = PBXFileReference; lastKnownFileType = folder.assetcatalog; path = Images.xcassets; sourceTree = "<group>"; };
		F12265741A481A28007B66C8 /* PIP EffectTests.xctest */ = {isa = PBXFileReference; explicitFileType = wrapper.cfbundle; includeInIndex = 0; path = "PIP EffectTests.xctest"; sourceTree = BUILT_PRODUCTS_DIR; };
		F12265751A481A28007B66C8 /* XCTest.framework */ = {isa = PBXFileReference; lastKnownFileType = wrapper.framework; name = XCTest.framework; path = Library/Frameworks/XCTest.framework; sourceTree = DEVELOPER_DIR; };
		F122657D1A481A28007B66C8 /* Shape CropTests-Info.plist */ = {isa = PBXFileReference; lastKnownFileType = text.plist.xml; path = "Shape CropTests-Info.plist"; sourceTree = "<group>"; };
		F122657F1A481A28007B66C8 /* en */ = {isa = PBXFileReference; lastKnownFileType = text.plist.strings; name = en; path = en.lproj/InfoPlist.strings; sourceTree = "<group>"; };
		F12265811A481A28007B66C8 /* Shape_CropTests.m */ = {isa = PBXFileReference; lastKnownFileType = sourcecode.c.objc; path = Shape_CropTests.m; sourceTree = "<group>"; };
		F122658B1A481A4A007B66C8 /* ViewController.xib */ = {isa = PBXFileReference; fileEncoding = 4; lastKnownFileType = file.xib; path = ViewController.xib; sourceTree = "<group>"; };
		F122658D1A481AFB007B66C8 /* newi.png */ = {isa = PBXFileReference; lastKnownFileType = image.png; path = newi.png; sourceTree = "<group>"; };
		F122658F1A481D7D007B66C8 /* ShapeCropViewController.h */ = {isa = PBXFileReference; fileEncoding = 4; lastKnownFileType = sourcecode.c.h; path = ShapeCropViewController.h; sourceTree = "<group>"; };
		F12265901A481D7D007B66C8 /* ShapeCropViewController.m */ = {isa = PBXFileReference; fileEncoding = 4; lastKnownFileType = sourcecode.c.objc; path = ShapeCropViewController.m; sourceTree = "<group>"; };
		F12265911A481D7D007B66C8 /* ShapeCropViewController.xib */ = {isa = PBXFileReference; fileEncoding = 4; lastKnownFileType = file.xib; path = ShapeCropViewController.xib; sourceTree = "<group>"; };
		F12265941A481E5E007B66C8 /* ShapeView.h */ = {isa = PBXFileReference; fileEncoding = 4; lastKnownFileType = sourcecode.c.h; path = ShapeView.h; sourceTree = "<group>"; };
		F12265951A481E5E007B66C8 /* ShapeView.m */ = {isa = PBXFileReference; fileEncoding = 4; lastKnownFileType = sourcecode.c.objc; path = ShapeView.m; sourceTree = "<group>"; };
		F12265971A481E6C007B66C8 /* ShapeView.xib */ = {isa = PBXFileReference; fileEncoding = 4; lastKnownFileType = file.xib; path = ShapeView.xib; sourceTree = "<group>"; };
		F12265B21A482866007B66C8 /* UIImage+RoundedImage.h */ = {isa = PBXFileReference; fileEncoding = 4; lastKnownFileType = sourcecode.c.h; path = "UIImage+RoundedImage.h"; sourceTree = "<group>"; };
		F12265B31A482866007B66C8 /* UIImage+RoundedImage.m */ = {isa = PBXFileReference; fileEncoding = 4; lastKnownFileType = sourcecode.c.objc; path = "UIImage+RoundedImage.m"; sourceTree = "<group>"; };
		F12265B51A482950007B66C8 /* screeen_640_960.png */ = {isa = PBXFileReference; lastKnownFileType = image.png; path = screeen_640_960.png; sourceTree = "<group>"; };
		F12265F11A485111007B66C8 /* UIImage+Mask.h */ = {isa = PBXFileReference; fileEncoding = 4; lastKnownFileType = sourcecode.c.h; path = "UIImage+Mask.h"; sourceTree = "<group>"; };
		F12265F21A485111007B66C8 /* UIImage+Mask.m */ = {isa = PBXFileReference; fileEncoding = 4; lastKnownFileType = sourcecode.c.objc; path = "UIImage+Mask.m"; sourceTree = "<group>"; };
		F1907FB51A4D6EE200362030 /* UIImage+StackBlur.h */ = {isa = PBXFileReference; fileEncoding = 4; lastKnownFileType = sourcecode.c.h; path = "UIImage+StackBlur.h"; sourceTree = "<group>"; };
		F1907FB61A4D6EE200362030 /* UIImage+StackBlur.m */ = {isa = PBXFileReference; fileEncoding = 4; lastKnownFileType = sourcecode.c.objc; path = "UIImage+StackBlur.m"; sourceTree = "<group>"; };
		F1907FC21A4D768000362030 /* ph1.png */ = {isa = PBXFileReference; lastKnownFileType = image.png; path = ph1.png; sourceTree = "<group>"; };
		F1907FC31A4D768000362030 /* ph1_m.png */ = {isa = PBXFileReference; lastKnownFileType = image.png; path = ph1_m.png; sourceTree = "<group>"; };
		F1907FC41A4D768000362030 /* ph2.png */ = {isa = PBXFileReference; lastKnownFileType = image.png; path = ph2.png; sourceTree = "<group>"; };
		F1907FC51A4D768000362030 /* ph2_m.png */ = {isa = PBXFileReference; lastKnownFileType = image.png; path = ph2_m.png; sourceTree = "<group>"; };
		F1907FC61A4D768000362030 /* ph3.png */ = {isa = PBXFileReference; lastKnownFileType = image.png; path = ph3.png; sourceTree = "<group>"; };
		F1907FC71A4D768000362030 /* ph3_m.png */ = {isa = PBXFileReference; lastKnownFileType = image.png; path = ph3_m.png; sourceTree = "<group>"; };
		F1E5923F1A4E746C00FC796E /* lens_flares.json */ = {isa = PBXFileReference; fileEncoding = 4; lastKnownFileType = text.json; name = lens_flares.json; path = "../../Decoded App/PicsArt/lens_flares.json"; sourceTree = "<group>"; };
/* End PBXFileReference section */

/* Begin PBXFrameworksBuildPhase section */
		F12265501A481A28007B66C8 /* Frameworks */ = {
			isa = PBXFrameworksBuildPhase;
			buildActionMask = 2147483647;
			files = (
				F10003551A49456E00AB3FEA /* QuartzCore.framework in Frameworks */,
				F12265591A481A28007B66C8 /* CoreGraphics.framework in Frameworks */,
				F122655B1A481A28007B66C8 /* UIKit.framework in Frameworks */,
				F12265571A481A28007B66C8 /* Foundation.framework in Frameworks */,
			);
			runOnlyForDeploymentPostprocessing = 0;
		};
		F12265711A481A28007B66C8 /* Frameworks */ = {
			isa = PBXFrameworksBuildPhase;
			buildActionMask = 2147483647;
			files = (
				F12265761A481A28007B66C8 /* XCTest.framework in Frameworks */,
				F12265781A481A28007B66C8 /* UIKit.framework in Frameworks */,
				F12265771A481A28007B66C8 /* Foundation.framework in Frameworks */,
			);
			runOnlyForDeploymentPostprocessing = 0;
		};
/* End PBXFrameworksBuildPhase section */

/* Begin PBXGroup section */
		F122654A1A481A28007B66C8 = {
			isa = PBXGroup;
			children = (
				F122655C1A481A28007B66C8 /* Shape Crop */,
				F122657B1A481A28007B66C8 /* Shape CropTests */,
				F12265551A481A28007B66C8 /* Frameworks */,
				F12265541A481A28007B66C8 /* Products */,
			);
			sourceTree = "<group>";
		};
		F12265541A481A28007B66C8 /* Products */ = {
			isa = PBXGroup;
			children = (
				F12265531A481A28007B66C8 /* PIP Effect.app */,
				F12265741A481A28007B66C8 /* PIP EffectTests.xctest */,
			);
			name = Products;
			sourceTree = "<group>";
		};
		F12265551A481A28007B66C8 /* Frameworks */ = {
			isa = PBXGroup;
			children = (
				F10003541A49456E00AB3FEA /* QuartzCore.framework */,
				F12265561A481A28007B66C8 /* Foundation.framework */,
				F12265581A481A28007B66C8 /* CoreGraphics.framework */,
				F122655A1A481A28007B66C8 /* UIKit.framework */,
				F12265751A481A28007B66C8 /* XCTest.framework */,
			);
			name = Frameworks;
			sourceTree = "<group>";
		};
		F122655C1A481A28007B66C8 /* Shape Crop */ = {
			isa = PBXGroup;
			children = (
				F12265651A481A28007B66C8 /* AppDelegate.h */,
				F12265661A481A28007B66C8 /* AppDelegate.m */,
				F122656B1A481A28007B66C8 /* ViewController.h */,
				F122656C1A481A28007B66C8 /* ViewController.m */,
				F122658B1A481A4A007B66C8 /* ViewController.xib */,
				F122658F1A481D7D007B66C8 /* ShapeCropViewController.h */,
				F12265901A481D7D007B66C8 /* ShapeCropViewController.m */,
				F12265911A481D7D007B66C8 /* ShapeCropViewController.xib */,
				F12265941A481E5E007B66C8 /* ShapeView.h */,
				F12265951A481E5E007B66C8 /* ShapeView.m */,
				F12265971A481E6C007B66C8 /* ShapeView.xib */,
				F122658D1A481AFB007B66C8 /* newi.png */,
				F12265B21A482866007B66C8 /* UIImage+RoundedImage.h */,
				F12265B31A482866007B66C8 /* UIImage+RoundedImage.m */,
				F12265B51A482950007B66C8 /* screeen_640_960.png */,
				F12265F11A485111007B66C8 /* UIImage+Mask.h */,
				F12265F21A485111007B66C8 /* UIImage+Mask.m */,
				F1907FB51A4D6EE200362030 /* UIImage+StackBlur.h */,
				F1907FB61A4D6EE200362030 /* UIImage+StackBlur.m */,
				F1E5923F1A4E746C00FC796E /* lens_flares.json */,
				F12265991A482249007B66C8 /* Shapes */,
				F122656E1A481A28007B66C8 /* Images.xcassets */,
				F122655D1A481A28007B66C8 /* Supporting Files */,
			);
			path = "Shape Crop";
			sourceTree = "<group>";
		};
		F122655D1A481A28007B66C8 /* Supporting Files */ = {
			isa = PBXGroup;
			children = (
				F122655E1A481A28007B66C8 /* PIP Effect-Info.plist */,
				F122655F1A481A28007B66C8 /* InfoPlist.strings */,
				F12265621A481A28007B66C8 /* main.m */,
				F12265641A481A28007B66C8 /* PIP Effect-Prefix.pch */,
			);
			name = "Supporting Files";
			sourceTree = "<group>";
		};
		F122657B1A481A28007B66C8 /* Shape CropTests */ = {
			isa = PBXGroup;
			children = (
				F12265811A481A28007B66C8 /* Shape_CropTests.m */,
				F122657C1A481A28007B66C8 /* Supporting Files */,
			);
			path = "Shape CropTests";
			sourceTree = "<group>";
		};
		F122657C1A481A28007B66C8 /* Supporting Files */ = {
			isa = PBXGroup;
			children = (
				F122657D1A481A28007B66C8 /* Shape CropTests-Info.plist */,
				F122657E1A481A28007B66C8 /* InfoPlist.strings */,
			);
			name = "Supporting Files";
			sourceTree = "<group>";
		};
		F12265991A482249007B66C8 /* Shapes */ = {
			isa = PBXGroup;
			children = (
				F1907FC21A4D768000362030 /* ph1.png */,
				F1907FC31A4D768000362030 /* ph1_m.png */,
				F1907FC41A4D768000362030 /* ph2.png */,
				F1907FC51A4D768000362030 /* ph2_m.png */,
				F1907FC61A4D768000362030 /* ph3.png */,
				F1907FC71A4D768000362030 /* ph3_m.png */,
			);
			name = Shapes;
			sourceTree = "<group>";
		};
/* End PBXGroup section */

/* Begin PBXNativeTarget section */
		F12265521A481A28007B66C8 /* PIP Effect */ = {
			isa = PBXNativeTarget;
			buildConfigurationList = F12265851A481A28007B66C8 /* Build configuration list for PBXNativeTarget "PIP Effect" */;
			buildPhases = (
				F122654F1A481A28007B66C8 /* Sources */,
				F12265501A481A28007B66C8 /* Frameworks */,
				F12265511A481A28007B66C8 /* Resources */,
			);
			buildRules = (
			);
			dependencies = (
			);
			name = "PIP Effect";
			productName = "Shape Crop";
			productReference = F12265531A481A28007B66C8 /* PIP Effect.app */;
			productType = "com.apple.product-type.application";
		};
		F12265731A481A28007B66C8 /* PIP EffectTests */ = {
			isa = PBXNativeTarget;
			buildConfigurationList = F12265881A481A28007B66C8 /* Build configuration list for PBXNativeTarget "PIP EffectTests" */;
			buildPhases = (
				F12265701A481A28007B66C8 /* Sources */,
				F12265711A481A28007B66C8 /* Frameworks */,
				F12265721A481A28007B66C8 /* Resources */,
			);
			buildRules = (
			);
			dependencies = (
				F122657A1A481A28007B66C8 /* PBXTargetDependency */,
			);
			name = "PIP EffectTests";
			productName = "Shape CropTests";
			productReference = F12265741A481A28007B66C8 /* PIP EffectTests.xctest */;
			productType = "com.apple.product-type.bundle.unit-test";
		};
/* End PBXNativeTarget section */

/* Begin PBXProject section */
		F122654B1A481A28007B66C8 /* Project object */ = {
			isa = PBXProject;
			attributes = {
				LastUpgradeCheck = 0510;
				ORGANIZATIONNAME = Escrow;
				TargetAttributes = {
					F12265731A481A28007B66C8 = {
						TestTargetID = F12265521A481A28007B66C8;
					};
				};
			};
			buildConfigurationList = F122654E1A481A28007B66C8 /* Build configuration list for PBXProject "PIP Effect" */;
			compatibilityVersion = "Xcode 3.2";
			developmentRegion = English;
			hasScannedForEncodings = 0;
			knownRegions = (
				en,
				Base,
			);
			mainGroup = F122654A1A481A28007B66C8;
			productRefGroup = F12265541A481A28007B66C8 /* Products */;
			projectDirPath = "";
			projectRoot = "";
			targets = (
				F12265521A481A28007B66C8 /* PIP Effect */,
				F12265731A481A28007B66C8 /* PIP EffectTests */,
			);
		};
/* End PBXProject section */

/* Begin PBXResourcesBuildPhase section */
		F12265511A481A28007B66C8 /* Resources */ = {
			isa = PBXResourcesBuildPhase;
			buildActionMask = 2147483647;
			files = (
				F1907FCA1A4D768000362030 /* ph2.png in Resources */,
				F1907FCB1A4D768000362030 /* ph2_m.png in Resources */,
				F12265B61A482950007B66C8 /* screeen_640_960.png in Resources */,
				F1907FCC1A4D768000362030 /* ph3.png in Resources */,
				F1907FCD1A4D768000362030 /* ph3_m.png in Resources */,
				F1E592401A4E746D00FC796E /* lens_flares.json in Resources */,
				F122656F1A481A28007B66C8 /* Images.xcassets in Resources */,
				F1907FC81A4D768000362030 /* ph1.png in Resources */,
				F12265611A481A28007B66C8 /* InfoPlist.strings in Resources */,
				F122658E1A481AFB007B66C8 /* newi.png in Resources */,
				F122658C1A481A4A007B66C8 /* ViewController.xib in Resources */,
				F1907FC91A4D768000362030 /* ph1_m.png in Resources */,
				F12265981A481E6C007B66C8 /* ShapeView.xib in Resources */,
				F12265931A481D7D007B66C8 /* ShapeCropViewController.xib in Resources */,
			);
			runOnlyForDeploymentPostprocessing = 0;
		};
		F12265721A481A28007B66C8 /* Resources */ = {
			isa = PBXResourcesBuildPhase;
			buildActionMask = 2147483647;
			files = (
				F12265801A481A28007B66C8 /* InfoPlist.strings in Resources */,
			);
			runOnlyForDeploymentPostprocessing = 0;
		};
/* End PBXResourcesBuildPhase section */

/* Begin PBXSourcesBuildPhase section */
		F122654F1A481A28007B66C8 /* Sources */ = {
			isa = PBXSourcesBuildPhase;
			buildActionMask = 2147483647;
			files = (
				F12265921A481D7D007B66C8 /* ShapeCropViewController.m in Sources */,
				F122656D1A481A28007B66C8 /* ViewController.m in Sources */,
				F12265961A481E5E007B66C8 /* ShapeView.m in Sources */,
				F12265F31A485111007B66C8 /* UIImage+Mask.m in Sources */,
				F12265671A481A28007B66C8 /* AppDelegate.m in Sources */,
				F1907FB71A4D6EE200362030 /* UIImage+StackBlur.m in Sources */,
				F12265631A481A28007B66C8 /* main.m in Sources */,
				F12265B41A482866007B66C8 /* UIImage+RoundedImage.m in Sources */,
			);
			runOnlyForDeploymentPostprocessing = 0;
		};
		F12265701A481A28007B66C8 /* Sources */ = {
			isa = PBXSourcesBuildPhase;
			buildActionMask = 2147483647;
			files = (
				F12265821A481A28007B66C8 /* Shape_CropTests.m in Sources */,
			);
			runOnlyForDeploymentPostprocessing = 0;
		};
/* End PBXSourcesBuildPhase section */

/* Begin PBXTargetDependency section */
		F122657A1A481A28007B66C8 /* PBXTargetDependency */ = {
			isa = PBXTargetDependency;
			target = F12265521A481A28007B66C8 /* PIP Effect */;
			targetProxy = F12265791A481A28007B66C8 /* PBXContainerItemProxy */;
		};
/* End PBXTargetDependency section */

/* Begin PBXVariantGroup section */
		F122655F1A481A28007B66C8 /* InfoPlist.strings */ = {
			isa = PBXVariantGroup;
			children = (
				F12265601A481A28007B66C8 /* en */,
			);
			name = InfoPlist.strings;
			sourceTree = "<group>";
		};
		F122657E1A481A28007B66C8 /* InfoPlist.strings */ = {
			isa = PBXVariantGroup;
			children = (
				F122657F1A481A28007B66C8 /* en */,
			);
			name = InfoPlist.strings;
			sourceTree = "<group>";
		};
/* End PBXVariantGroup section */

/* Begin XCBuildConfiguration section */
		F12265831A481A28007B66C8 /* Debug */ = {
			isa = XCBuildConfiguration;
			buildSettings = {
				ALWAYS_SEARCH_USER_PATHS = NO;
				CLANG_CXX_LANGUAGE_STANDARD = "gnu++0x";
				CLANG_CXX_LIBRARY = "libc++";
				CLANG_ENABLE_MODULES = YES;
				CLANG_ENABLE_OBJC_ARC = YES;
				CLANG_WARN_BOOL_CONVERSION = YES;
				CLANG_WARN_CONSTANT_CONVERSION = YES;
				CLANG_WARN_DIRECT_OBJC_ISA_USAGE = YES_ERROR;
				CLANG_WARN_EMPTY_BODY = YES;
				CLANG_WARN_ENUM_CONVERSION = YES;
				CLANG_WARN_INT_CONVERSION = YES;
				CLANG_WARN_OBJC_ROOT_CLASS = YES_ERROR;
				CLANG_WARN__DUPLICATE_METHOD_MATCH = YES;
				"CODE_SIGN_IDENTITY[sdk=iphoneos*]" = "iPhone Developer";
				COPY_PHASE_STRIP = NO;
				GCC_C_LANGUAGE_STANDARD = gnu99;
				GCC_DYNAMIC_NO_PIC = NO;
				GCC_OPTIMIZATION_LEVEL = 0;
				GCC_PREPROCESSOR_DEFINITIONS = (
					"DEBUG=1",
					"$(inherited)",
				);
				GCC_SYMBOLS_PRIVATE_EXTERN = NO;
				GCC_WARN_64_TO_32_BIT_CONVERSION = YES;
				GCC_WARN_ABOUT_RETURN_TYPE = YES_ERROR;
				GCC_WARN_UNDECLARED_SELECTOR = YES;
				GCC_WARN_UNINITIALIZED_AUTOS = YES_AGGRESSIVE;
				GCC_WARN_UNUSED_FUNCTION = YES;
				GCC_WARN_UNUSED_VARIABLE = YES;
				IPHONEOS_DEPLOYMENT_TARGET = 7.1;
				ONLY_ACTIVE_ARCH = YES;
				SDKROOT = iphoneos;
			};
			name = Debug;
		};
		F12265841A481A28007B66C8 /* Release */ = {
			isa = XCBuildConfiguration;
			buildSettings = {
				ALWAYS_SEARCH_USER_PATHS = NO;
				CLANG_CXX_LANGUAGE_STANDARD = "gnu++0x";
				CLANG_CXX_LIBRARY = "libc++";
				CLANG_ENABLE_MODULES = YES;
				CLANG_ENABLE_OBJC_ARC = YES;
				CLANG_WARN_BOOL_CONVERSION = YES;
				CLANG_WARN_CONSTANT_CONVERSION = YES;
				CLANG_WARN_DIRECT_OBJC_ISA_USAGE = YES_ERROR;
				CLANG_WARN_EMPTY_BODY = YES;
				CLANG_WARN_ENUM_CONVERSION = YES;
				CLANG_WARN_INT_CONVERSION = YES;
				CLANG_WARN_OBJC_ROOT_CLASS = YES_ERROR;
				CLANG_WARN__DUPLICATE_METHOD_MATCH = YES;
				"CODE_SIGN_IDENTITY[sdk=iphoneos*]" = "iPhone Developer";
				COPY_PHASE_STRIP = YES;
				ENABLE_NS_ASSERTIONS = NO;
				GCC_C_LANGUAGE_STANDARD = gnu99;
				GCC_WARN_64_TO_32_BIT_CONVERSION = YES;
				GCC_WARN_ABOUT_RETURN_TYPE = YES_ERROR;
				GCC_WARN_UNDECLARED_SELECTOR = YES;
				GCC_WARN_UNINITIALIZED_AUTOS = YES_AGGRESSIVE;
				GCC_WARN_UNUSED_FUNCTION = YES;
				GCC_WARN_UNUSED_VARIABLE = YES;
				IPHONEOS_DEPLOYMENT_TARGET = 7.1;
				SDKROOT = iphoneos;
				VALIDATE_PRODUCT = YES;
			};
			name = Release;
		};
		F12265861A481A28007B66C8 /* Debug */ = {
			isa = XCBuildConfiguration;
			buildSettings = {
				ASSETCATALOG_COMPILER_APPICON_NAME = AppIcon;
				ASSETCATALOG_COMPILER_LAUNCHIMAGE_NAME = LaunchImage;
				GCC_PRECOMPILE_PREFIX_HEADER = YES;
				GCC_PREFIX_HEADER = "Shape Crop/PIP Effect-Prefix.pch";
				INFOPLIST_FILE = "Shape Crop/PIP Effect-Info.plist";
				PRODUCT_NAME = "PIP Effect";
				WRAPPER_EXTENSION = app;
			};
			name = Debug;
		};
		F12265871A481A28007B66C8 /* Release */ = {
			isa = XCBuildConfiguration;
			buildSettings = {
				ASSETCATALOG_COMPILER_APPICON_NAME = AppIcon;
				ASSETCATALOG_COMPILER_LAUNCHIMAGE_NAME = LaunchImage;
				GCC_PRECOMPILE_PREFIX_HEADER = YES;
				GCC_PREFIX_HEADER = "Shape Crop/PIP Effect-Prefix.pch";
				INFOPLIST_FILE = "Shape Crop/PIP Effect-Info.plist";
				PRODUCT_NAME = "PIP Effect";
				WRAPPER_EXTENSION = app;
			};
			name = Release;
		};
		F12265891A481A28007B66C8 /* Debug */ = {
			isa = XCBuildConfiguration;
			buildSettings = {
				BUNDLE_LOADER = "$(BUILT_PRODUCTS_DIR)/Shape Crop.app/Shape Crop";
				FRAMEWORK_SEARCH_PATHS = (
					"$(SDKROOT)/Developer/Library/Frameworks",
					"$(inherited)",
					"$(DEVELOPER_FRAMEWORKS_DIR)",
				);
				GCC_PRECOMPILE_PREFIX_HEADER = YES;
				GCC_PREFIX_HEADER = "Shape Crop/Shape Crop-Prefix.pch";
				GCC_PREPROCESSOR_DEFINITIONS = (
					"DEBUG=1",
					"$(inherited)",
				);
				INFOPLIST_FILE = "Shape CropTests/Shape CropTests-Info.plist";
				PRODUCT_NAME = "PIP EffectTests";
				TEST_HOST = "$(BUNDLE_LOADER)";
				WRAPPER_EXTENSION = xctest;
			};
			name = Debug;
		};
		F122658A1A481A28007B66C8 /* Release */ = {
			isa = XCBuildConfiguration;
			buildSettings = {
				BUNDLE_LOADER = "$(BUILT_PRODUCTS_DIR)/Shape Crop.app/Shape Crop";
				FRAMEWORK_SEARCH_PATHS = (
					"$(SDKROOT)/Developer/Library/Frameworks",
					"$(inherited)",
					"$(DEVELOPER_FRAMEWORKS_DIR)",
				);
				GCC_PRECOMPILE_PREFIX_HEADER = YES;
				GCC_PREFIX_HEADER = "Shape Crop/Shape Crop-Prefix.pch";
				INFOPLIST_FILE = "Shape CropTests/Shape CropTests-Info.plist";
				PRODUCT_NAME = "PIP EffectTests";
				TEST_HOST = "$(BUNDLE_LOADER)";
				WRAPPER_EXTENSION = xctest;
			};
			name = Release;
		};
/* End XCBuildConfiguration section */

/* Begin XCConfigurationList section */
		F122654E1A481A28007B66C8 /* Build configuration list for PBXProject "PIP Effect" */ = {
			isa = XCConfigurationList;
			buildConfigurations = (
				F12265831A481A28007B66C8 /* Debug */,
				F12265841A481A28007B66C8 /* Release */,
			);
			defaultConfigurationIsVisible = 0;
			defaultConfigurationName = Release;
		};
		F12265851A481A28007B66C8 /* Build configuration list for PBXNativeTarget "PIP Effect" */ = {
			isa = XCConfigurationList;
			buildConfigurations = (
				F12265861A481A28007B66C8 /* Debug */,
				F12265871A481A28007B66C8 /* Release */,
			);
			defaultConfigurationIsVisible = 0;
			defaultConfigurationName = Release;
		};
		F12265881A481A28007B66C8 /* Build configuration list for PBXNativeTarget "PIP EffectTests" */ = {
			isa = XCConfigurationList;
			buildConfigurations = (
				F12265891A481A28007B66C8 /* Debug */,
				F122658A1A481A28007B66C8 /* Release */,
			);
			defaultConfigurationIsVisible = 0;
			defaultConfigurationName = Release;
		};
/* End XCConfigurationList section */
	};
	rootObject = F122654B1A481A28007B66C8 /* Project object */;
}
